// !$*UTF8*$!
{
	archiveVersion = 1;
	classes = {
	};
	objectVersion = 51;
	objects = {

/* Begin PBXBuildFile section */
		1A05AD8F237BBAFC0041F27B /* OTOTeacherView.m in Sources */ = {isa = PBXBuildFile; fileRef = 1A05AD8E237BBAFC0041F27B /* OTOTeacherView.m */; };
		1A05AD91237BBB090041F27B /* OTOTeacherView.xib in Resources */ = {isa = PBXBuildFile; fileRef = 1A05AD90237BBB080041F27B /* OTOTeacherView.xib */; };
		1A05AD94237BC0830041F27B /* OTOStudentView.m in Sources */ = {isa = PBXBuildFile; fileRef = 1A05AD93237BC0830041F27B /* OTOStudentView.m */; };
		1A05AD96237BC08B0041F27B /* OTOStudentView.xib in Resources */ = {isa = PBXBuildFile; fileRef = 1A05AD95237BC08B0041F27B /* OTOStudentView.xib */; };
		1A05AD99237D93600041F27B /* MCStudentVideoListView.m in Sources */ = {isa = PBXBuildFile; fileRef = 1A05AD98237D935F0041F27B /* MCStudentVideoListView.m */; };
		1A05ADA3237E4B3B0041F27B /* MCViewController.m in Sources */ = {isa = PBXBuildFile; fileRef = 1A05ADA2237E4B3B0041F27B /* MCViewController.m */; };
		1A05ADA7237E55630041F27B /* Room.storyboard in Resources */ = {isa = PBXBuildFile; fileRef = 1A05ADA6237E55630041F27B /* Room.storyboard */; };
		1A1749992361A7F000A65B10 /* MainNavigationController.m in Sources */ = {isa = PBXBuildFile; fileRef = 1A1749982361A7F000A65B10 /* MainNavigationController.m */; };
		1A17499C236297BE00A65B10 /* EEChatTextFiled.m in Sources */ = {isa = PBXBuildFile; fileRef = 1A17499B236297BE00A65B10 /* EEChatTextFiled.m */; };
		1A17499E236297CF00A65B10 /* EEChatTextFiled.xib in Resources */ = {isa = PBXBuildFile; fileRef = 1A17499D236297CF00A65B10 /* EEChatTextFiled.xib */; };
		1A226C44236A7C1B0024D984 /* AEStudentModel.m in Sources */ = {isa = PBXBuildFile; fileRef = 1A226C43236A7C1B0024D984 /* AEStudentModel.m */; };
		1A226C4A236A7D8A0024D984 /* AETeactherModel.m in Sources */ = {isa = PBXBuildFile; fileRef = 1A226C49236A7D8A0024D984 /* AETeactherModel.m */; };
		1A226C53236BE5450024D984 /* EEColorShowView.m in Sources */ = {isa = PBXBuildFile; fileRef = 1A226C52236BE5450024D984 /* EEColorShowView.m */; };
		1A226C55236BE5500024D984 /* EEColorShowView.xib in Resources */ = {isa = PBXBuildFile; fileRef = 1A226C54236BE5500024D984 /* EEColorShowView.xib */; };
		1A226C58236BEAEC0024D984 /* EEColorViewCell.m in Sources */ = {isa = PBXBuildFile; fileRef = 1A226C57236BEAEC0024D984 /* EEColorViewCell.m */; };
		1A226C5D236EC3BA0024D984 /* UIColor+Addition.m in Sources */ = {isa = PBXBuildFile; fileRef = 1A226C5C236EC3BA0024D984 /* UIColor+Addition.m */; };
		1A296C6222DEFCE6008AC68A /* MCStudentVideoCell.m in Sources */ = {isa = PBXBuildFile; fileRef = 1A296C6122DEFCE6008AC68A /* MCStudentVideoCell.m */; };
		1A2FFA0D237261FF0049E49F /* UIView+EEBadge.m in Sources */ = {isa = PBXBuildFile; fileRef = 1A2FFA0C237261FF0049E49F /* UIView+EEBadge.m */; };
		1A399E5423697E9000F5A40F /* OneToOneViewController.m in Sources */ = {isa = PBXBuildFile; fileRef = 1A399E5323697E9000F5A40F /* OneToOneViewController.m */; };
		1A41D4EA2373B7900092C0EC /* EETeacherVideoView.m in Sources */ = {isa = PBXBuildFile; fileRef = 1A6BC52123608AF600FE8289 /* EETeacherVideoView.m */; };
		1A44BE7222BF863000766274 /* AgoraBaseRequest.m in Sources */ = {isa = PBXBuildFile; fileRef = 1A44BE5322BF863000766274 /* AgoraBaseRequest.m */; };
		1A44BE7322BF863000766274 /* AgoraHttpRequest.m in Sources */ = {isa = PBXBuildFile; fileRef = 1A44BE5422BF863000766274 /* AgoraHttpRequest.m */; };
		1A44BE7522BF863000766274 /* Assets.xcassets in Resources */ = {isa = PBXBuildFile; fileRef = 1A44BE5722BF863000766274 /* Assets.xcassets */; };
		1A44BE7622BF863000766274 /* LaunchScreen.storyboard in Resources */ = {isa = PBXBuildFile; fileRef = 1A44BE5822BF863000766274 /* LaunchScreen.storyboard */; };
		1A44BE7722BF863000766274 /* Main.storyboard in Resources */ = {isa = PBXBuildFile; fileRef = 1A44BE5A22BF863000766274 /* Main.storyboard */; };
		1A44BE7822BF863000766274 /* MainViewController.m in Sources */ = {isa = PBXBuildFile; fileRef = 1A44BE5C22BF863000766274 /* MainViewController.m */; };
		1A44BE7A22BF863000766274 /* main.m in Sources */ = {isa = PBXBuildFile; fileRef = 1A44BE5E22BF863000766274 /* main.m */; };
		1A44BE7B22BF863000766274 /* AppDelegate.m in Sources */ = {isa = PBXBuildFile; fileRef = 1A44BE6022BF863000766274 /* AppDelegate.m */; };
		1A44BE7D22BF863000766274 /* Configs.m in Sources */ = {isa = PBXBuildFile; fileRef = 1A44BE6522BF863000766274 /* Configs.m */; };
		1A44BE8322BFA97400766274 /* AERoomMessageModel.m in Sources */ = {isa = PBXBuildFile; fileRef = 1A44BE8222BFA97400766274 /* AERoomMessageModel.m */; };
		1A44BE9322C471BF00766274 /* JsonAndStringConversions.m in Sources */ = {isa = PBXBuildFile; fileRef = 1A44BE9222C471BF00766274 /* JsonAndStringConversions.m */; };
		1A61CB7F2387CE2C003D9E81 /* BCStudentVideoView.xib in Resources */ = {isa = PBXBuildFile; fileRef = 1A61CB7E2387CE2C003D9E81 /* BCStudentVideoView.xib */; };
		1A61CB812387CE35003D9E81 /* BCStudentVideoView.m in Sources */ = {isa = PBXBuildFile; fileRef = 1A61CB802387CE35003D9E81 /* BCStudentVideoView.m */; };
		1A61CB852387CF4A003D9E81 /* AERTMMessageBody.m in Sources */ = {isa = PBXBuildFile; fileRef = 1A61CB832387CF4A003D9E81 /* AERTMMessageBody.m */; };
		1A61CB88238806EB003D9E81 /* AEP2pMessageModel.m in Sources */ = {isa = PBXBuildFile; fileRef = 1A61CB87238806EB003D9E81 /* AEP2pMessageModel.m */; };
		1A61CB8E2389405D003D9E81 /* AERoomViewController.m in Sources */ = {isa = PBXBuildFile; fileRef = 1A61CB8D2389405D003D9E81 /* AERoomViewController.m */; };
		1A6BC50E2360396B00FE8289 /* EEWhiteboardTool.m in Sources */ = {isa = PBXBuildFile; fileRef = 1A6BC50D2360396B00FE8289 /* EEWhiteboardTool.m */; };
		1A6BC51023603F7700FE8289 /* EEWhiteboardTool.xib in Resources */ = {isa = PBXBuildFile; fileRef = 1A6BC50F23603F7700FE8289 /* EEWhiteboardTool.xib */; };
		1A6BC52423608B0900FE8289 /* EETeacherVideoView.xib in Resources */ = {isa = PBXBuildFile; fileRef = 1A6BC52323608B0900FE8289 /* EETeacherVideoView.xib */; };
		1A70AFB22359F17500942742 /* SettingViewCell.m in Sources */ = {isa = PBXBuildFile; fileRef = 1A70AFB12359F17500942742 /* SettingViewCell.m */; };
		1A87571223571CFE009C55A8 /* SettingViewController.m in Sources */ = {isa = PBXBuildFile; fileRef = 1A87571123571CFE009C55A8 /* SettingViewController.m */; };
		1A893A002361751200C2398A /* BCNavigationView.m in Sources */ = {isa = PBXBuildFile; fileRef = 1A8939FF2361751200C2398A /* BCNavigationView.m */; };
		1A893A022361752400C2398A /* BCNavigationView.xib in Resources */ = {isa = PBXBuildFile; fileRef = 1A893A012361752400C2398A /* BCNavigationView.xib */; };
		1A8EEB5A23796A3700A809B1 /* EEMessageView.m in Sources */ = {isa = PBXBuildFile; fileRef = 1A8EEB5923796A3700A809B1 /* EEMessageView.m */; };
		1A8EEB5F23796D5600A809B1 /* EEMessageViewCell.m in Sources */ = {isa = PBXBuildFile; fileRef = 1A8EEB5E23796D5600A809B1 /* EEMessageViewCell.m */; };
		1A8EEB6123796D6200A809B1 /* EEMessageViewCell.xib in Resources */ = {isa = PBXBuildFile; fileRef = 1A8EEB6023796D6200A809B1 /* EEMessageViewCell.xib */; };
		1A8EEB68237ABBBD00A809B1 /* EENavigationView.m in Sources */ = {isa = PBXBuildFile; fileRef = 1A8EEB67237ABBBD00A809B1 /* EENavigationView.m */; };
		1A8EEB6A237ABBCB00A809B1 /* EENavigationView.xib in Resources */ = {isa = PBXBuildFile; fileRef = 1A8EEB69237ABBCB00A809B1 /* EENavigationView.xib */; };
		1A9B621D2384E9A6001E366C /* EEAlertView.m in Sources */ = {isa = PBXBuildFile; fileRef = 1A9B621C2384E9A6001E366C /* EEAlertView.m */; };
		1AD4E995235EFB2700C415BF /* BCViewController.m in Sources */ = {isa = PBXBuildFile; fileRef = 1AD4E994235EFB2700C415BF /* BCViewController.m */; };
		1AD4E99B235F100400C415BF /* BCSegmentedView.m in Sources */ = {isa = PBXBuildFile; fileRef = 1AD4E99A235F100400C415BF /* BCSegmentedView.m */; };
		1AD4E9A4236008FF00C415BF /* EEPageControlView.m in Sources */ = {isa = PBXBuildFile; fileRef = 1AD4E9A3236008FF00C415BF /* EEPageControlView.m */; };
		1AD4E9A62360092A00C415BF /* EEPageControlView.xib in Resources */ = {isa = PBXBuildFile; fileRef = 1AD4E9A52360092A00C415BF /* EEPageControlView.xib */; };
		1AEDE5DD2338C0B40096ADEC /* EyeCareModeUtil.m in Sources */ = {isa = PBXBuildFile; fileRef = 1AEDE5DC2338C0B40096ADEC /* EyeCareModeUtil.m */; };
		1AEDE5E02338CB9E0096ADEC /* SkinCoverLayer.m in Sources */ = {isa = PBXBuildFile; fileRef = 1AEDE5DF2338CB9E0096ADEC /* SkinCoverLayer.m */; };
		1AEDE5E32338CBBF0096ADEC /* SkinCoverWindow.m in Sources */ = {isa = PBXBuildFile; fileRef = 1AEDE5E22338CBBF0096ADEC /* SkinCoverWindow.m */; };
		1AF1CD2E236700A400DA8B12 /* EEClassRoomTypeView.m in Sources */ = {isa = PBXBuildFile; fileRef = 1AF1CD2D236700A400DA8B12 /* EEClassRoomTypeView.m */; };
		1AF1CD30236700B300DA8B12 /* EEClassRoomTypeView.xib in Resources */ = {isa = PBXBuildFile; fileRef = 1AF1CD2F236700B300DA8B12 /* EEClassRoomTypeView.xib */; };
		1AFD47B0237E7965005AA56C /* MCTeacherVideoView.m in Sources */ = {isa = PBXBuildFile; fileRef = 1AFD47AF237E7965005AA56C /* MCTeacherVideoView.m */; };
		1AFD47B2237E7974005AA56C /* MCTeacherVideoView.xib in Resources */ = {isa = PBXBuildFile; fileRef = 1AFD47B1237E7974005AA56C /* MCTeacherVideoView.xib */; };
		1AFD47B5237E9E25005AA56C /* MCSegmentedView.m in Sources */ = {isa = PBXBuildFile; fileRef = 1AFD47B4237E9E25005AA56C /* MCSegmentedView.m */; };
		1AFD47B8237EAEA6005AA56C /* MCStudentListView.m in Sources */ = {isa = PBXBuildFile; fileRef = 1AFD47B7237EAEA6005AA56C /* MCStudentListView.m */; };
		1AFD47BB237EB06F005AA56C /* MCStudentViewCell.m in Sources */ = {isa = PBXBuildFile; fileRef = 1AFD47BA237EB06F005AA56C /* MCStudentViewCell.m */; };
		1AFD47BD237EB079005AA56C /* MCStudentViewCell.xib in Resources */ = {isa = PBXBuildFile; fileRef = 1AFD47BC237EB079005AA56C /* MCStudentViewCell.xib */; };
		933AE560CF5F0977F2647C18 /* Pods_AgoraEducation.framework in Frameworks */ = {isa = PBXBuildFile; fileRef = 76A4F1D25B13050F999DB322 /* Pods_AgoraEducation.framework */; };
/* End PBXBuildFile section */

/* Begin PBXContainerItemProxy section */
		1AE0D01D2283C5F40092AC5E /* PBXContainerItemProxy */ = {
			isa = PBXContainerItemProxy;
			containerPortal = 1AE0CFFC2283C5F20092AC5E /* Project object */;
			proxyType = 1;
			remoteGlobalIDString = 1AE0D0032283C5F20092AC5E;
			remoteInfo = AgoraSmallClass;
		};
		1AE0D0282283C5F40092AC5E /* PBXContainerItemProxy */ = {
			isa = PBXContainerItemProxy;
			containerPortal = 1AE0CFFC2283C5F20092AC5E /* Project object */;
			proxyType = 1;
			remoteGlobalIDString = 1AE0D0032283C5F20092AC5E;
			remoteInfo = AgoraSmallClass;
		};
/* End PBXContainerItemProxy section */

/* Begin PBXFileReference section */
		1A05AD8D237BBAFC0041F27B /* OTOTeacherView.h */ = {isa = PBXFileReference; lastKnownFileType = sourcecode.c.h; path = OTOTeacherView.h; sourceTree = "<group>"; };
		1A05AD8E237BBAFC0041F27B /* OTOTeacherView.m */ = {isa = PBXFileReference; lastKnownFileType = sourcecode.c.objc; path = OTOTeacherView.m; sourceTree = "<group>"; };
		1A05AD90237BBB080041F27B /* OTOTeacherView.xib */ = {isa = PBXFileReference; lastKnownFileType = file.xib; path = OTOTeacherView.xib; sourceTree = "<group>"; };
		1A05AD92237BC0830041F27B /* OTOStudentView.h */ = {isa = PBXFileReference; lastKnownFileType = sourcecode.c.h; path = OTOStudentView.h; sourceTree = "<group>"; };
		1A05AD93237BC0830041F27B /* OTOStudentView.m */ = {isa = PBXFileReference; lastKnownFileType = sourcecode.c.objc; path = OTOStudentView.m; sourceTree = "<group>"; };
		1A05AD95237BC08B0041F27B /* OTOStudentView.xib */ = {isa = PBXFileReference; lastKnownFileType = file.xib; path = OTOStudentView.xib; sourceTree = "<group>"; };
		1A05AD97237D935F0041F27B /* MCStudentVideoListView.h */ = {isa = PBXFileReference; lastKnownFileType = sourcecode.c.h; path = MCStudentVideoListView.h; sourceTree = "<group>"; };
		1A05AD98237D935F0041F27B /* MCStudentVideoListView.m */ = {isa = PBXFileReference; lastKnownFileType = sourcecode.c.objc; path = MCStudentVideoListView.m; sourceTree = "<group>"; };
		1A05ADA1237E4B3B0041F27B /* MCViewController.h */ = {isa = PBXFileReference; lastKnownFileType = sourcecode.c.h; path = MCViewController.h; sourceTree = "<group>"; };
		1A05ADA2237E4B3B0041F27B /* MCViewController.m */ = {isa = PBXFileReference; lastKnownFileType = sourcecode.c.objc; path = MCViewController.m; sourceTree = "<group>"; };
		1A05ADA6237E55630041F27B /* Room.storyboard */ = {isa = PBXFileReference; lastKnownFileType = file.storyboard; path = Room.storyboard; sourceTree = "<group>"; };
		1A1749972361A7F000A65B10 /* MainNavigationController.h */ = {isa = PBXFileReference; lastKnownFileType = sourcecode.c.h; path = MainNavigationController.h; sourceTree = "<group>"; };
		1A1749982361A7F000A65B10 /* MainNavigationController.m */ = {isa = PBXFileReference; lastKnownFileType = sourcecode.c.objc; path = MainNavigationController.m; sourceTree = "<group>"; };
		1A17499A236297BE00A65B10 /* EEChatTextFiled.h */ = {isa = PBXFileReference; lastKnownFileType = sourcecode.c.h; path = EEChatTextFiled.h; sourceTree = "<group>"; };
		1A17499B236297BE00A65B10 /* EEChatTextFiled.m */ = {isa = PBXFileReference; lastKnownFileType = sourcecode.c.objc; path = EEChatTextFiled.m; sourceTree = "<group>"; };
		1A17499D236297CF00A65B10 /* EEChatTextFiled.xib */ = {isa = PBXFileReference; lastKnownFileType = file.xib; path = EEChatTextFiled.xib; sourceTree = "<group>"; };
		1A1749A52365779B00A65B10 /* en */ = {isa = PBXFileReference; lastKnownFileType = text.plist.strings; name = en; path = en.lproj/LaunchScreen.strings; sourceTree = "<group>"; };
		1A226C42236A7C1B0024D984 /* AEStudentModel.h */ = {isa = PBXFileReference; lastKnownFileType = sourcecode.c.h; path = AEStudentModel.h; sourceTree = "<group>"; };
		1A226C43236A7C1B0024D984 /* AEStudentModel.m */ = {isa = PBXFileReference; lastKnownFileType = sourcecode.c.objc; path = AEStudentModel.m; sourceTree = "<group>"; };
		1A226C48236A7D8A0024D984 /* AETeactherModel.h */ = {isa = PBXFileReference; lastKnownFileType = sourcecode.c.h; path = AETeactherModel.h; sourceTree = "<group>"; };
		1A226C49236A7D8A0024D984 /* AETeactherModel.m */ = {isa = PBXFileReference; lastKnownFileType = sourcecode.c.objc; path = AETeactherModel.m; sourceTree = "<group>"; };
		1A226C51236BE5450024D984 /* EEColorShowView.h */ = {isa = PBXFileReference; lastKnownFileType = sourcecode.c.h; path = EEColorShowView.h; sourceTree = "<group>"; };
		1A226C52236BE5450024D984 /* EEColorShowView.m */ = {isa = PBXFileReference; lastKnownFileType = sourcecode.c.objc; path = EEColorShowView.m; sourceTree = "<group>"; };
		1A226C54236BE5500024D984 /* EEColorShowView.xib */ = {isa = PBXFileReference; lastKnownFileType = file.xib; path = EEColorShowView.xib; sourceTree = "<group>"; };
		1A226C56236BEAEC0024D984 /* EEColorViewCell.h */ = {isa = PBXFileReference; lastKnownFileType = sourcecode.c.h; path = EEColorViewCell.h; sourceTree = "<group>"; };
		1A226C57236BEAEC0024D984 /* EEColorViewCell.m */ = {isa = PBXFileReference; lastKnownFileType = sourcecode.c.objc; path = EEColorViewCell.m; sourceTree = "<group>"; };
		1A226C5B236EC3BA0024D984 /* UIColor+Addition.h */ = {isa = PBXFileReference; lastKnownFileType = sourcecode.c.h; path = "UIColor+Addition.h"; sourceTree = "<group>"; };
		1A226C5C236EC3BA0024D984 /* UIColor+Addition.m */ = {isa = PBXFileReference; lastKnownFileType = sourcecode.c.objc; path = "UIColor+Addition.m"; sourceTree = "<group>"; };
		1A296C6022DEFCE6008AC68A /* MCStudentVideoCell.h */ = {isa = PBXFileReference; lastKnownFileType = sourcecode.c.h; path = MCStudentVideoCell.h; sourceTree = "<group>"; };
		1A296C6122DEFCE6008AC68A /* MCStudentVideoCell.m */ = {isa = PBXFileReference; lastKnownFileType = sourcecode.c.objc; path = MCStudentVideoCell.m; sourceTree = "<group>"; };
		1A2FFA0B237261FF0049E49F /* UIView+EEBadge.h */ = {isa = PBXFileReference; lastKnownFileType = sourcecode.c.h; path = "UIView+EEBadge.h"; sourceTree = "<group>"; };
		1A2FFA0C237261FF0049E49F /* UIView+EEBadge.m */ = {isa = PBXFileReference; lastKnownFileType = sourcecode.c.objc; path = "UIView+EEBadge.m"; sourceTree = "<group>"; };
		1A399E5223697E9000F5A40F /* OneToOneViewController.h */ = {isa = PBXFileReference; lastKnownFileType = sourcecode.c.h; path = OneToOneViewController.h; sourceTree = "<group>"; };
		1A399E5323697E9000F5A40F /* OneToOneViewController.m */ = {isa = PBXFileReference; lastKnownFileType = sourcecode.c.objc; path = OneToOneViewController.m; sourceTree = "<group>"; };
		1A44BE3522BF863000766274 /* AppDelegate.h */ = {isa = PBXFileReference; fileEncoding = 4; lastKnownFileType = sourcecode.c.h; path = AppDelegate.h; sourceTree = "<group>"; };
		1A44BE5222BF863000766274 /* AgoraHttpRequest.h */ = {isa = PBXFileReference; fileEncoding = 4; lastKnownFileType = sourcecode.c.h; path = AgoraHttpRequest.h; sourceTree = "<group>"; };
		1A44BE5322BF863000766274 /* AgoraBaseRequest.m */ = {isa = PBXFileReference; fileEncoding = 4; lastKnownFileType = sourcecode.c.objc; path = AgoraBaseRequest.m; sourceTree = "<group>"; };
		1A44BE5422BF863000766274 /* AgoraHttpRequest.m */ = {isa = PBXFileReference; fileEncoding = 4; lastKnownFileType = sourcecode.c.objc; path = AgoraHttpRequest.m; sourceTree = "<group>"; };
		1A44BE5522BF863000766274 /* AgoraBaseRequest.h */ = {isa = PBXFileReference; fileEncoding = 4; lastKnownFileType = sourcecode.c.h; path = AgoraBaseRequest.h; sourceTree = "<group>"; };
		1A44BE5722BF863000766274 /* Assets.xcassets */ = {isa = PBXFileReference; lastKnownFileType = folder.assetcatalog; path = Assets.xcassets; sourceTree = "<group>"; };
		1A44BE5922BF863000766274 /* Base */ = {isa = PBXFileReference; lastKnownFileType = file.storyboard; name = Base; path = Base.lproj/LaunchScreen.storyboard; sourceTree = "<group>"; };
		1A44BE5B22BF863000766274 /* Base */ = {isa = PBXFileReference; lastKnownFileType = file.storyboard; name = Base; path = Base.lproj/Main.storyboard; sourceTree = "<group>"; };
		1A44BE5C22BF863000766274 /* MainViewController.m */ = {isa = PBXFileReference; fileEncoding = 4; lastKnownFileType = sourcecode.c.objc; path = MainViewController.m; sourceTree = "<group>"; };
		1A44BE5E22BF863000766274 /* main.m */ = {isa = PBXFileReference; fileEncoding = 4; lastKnownFileType = sourcecode.c.objc; path = main.m; sourceTree = "<group>"; };
		1A44BE6022BF863000766274 /* AppDelegate.m */ = {isa = PBXFileReference; fileEncoding = 4; lastKnownFileType = sourcecode.c.objc; path = AppDelegate.m; sourceTree = "<group>"; };
		1A44BE6222BF863000766274 /* MainViewController.h */ = {isa = PBXFileReference; fileEncoding = 4; lastKnownFileType = sourcecode.c.h; path = MainViewController.h; sourceTree = "<group>"; };
		1A44BE6522BF863000766274 /* Configs.m */ = {isa = PBXFileReference; fileEncoding = 4; lastKnownFileType = sourcecode.c.objc; path = Configs.m; sourceTree = "<group>"; };
		1A44BE7E22BF874A00766274 /* Info.plist */ = {isa = PBXFileReference; fileEncoding = 4; lastKnownFileType = text.plist.xml; path = Info.plist; sourceTree = "<group>"; };
		1A44BE8122BFA97400766274 /* AERoomMessageModel.h */ = {isa = PBXFileReference; lastKnownFileType = sourcecode.c.h; path = AERoomMessageModel.h; sourceTree = "<group>"; };
		1A44BE8222BFA97400766274 /* AERoomMessageModel.m */ = {isa = PBXFileReference; lastKnownFileType = sourcecode.c.objc; path = AERoomMessageModel.m; sourceTree = "<group>"; };
		1A44BE9122C471BF00766274 /* JsonAndStringConversions.h */ = {isa = PBXFileReference; lastKnownFileType = sourcecode.c.h; path = JsonAndStringConversions.h; sourceTree = "<group>"; };
		1A44BE9222C471BF00766274 /* JsonAndStringConversions.m */ = {isa = PBXFileReference; lastKnownFileType = sourcecode.c.objc; path = JsonAndStringConversions.m; sourceTree = "<group>"; };
		1A44BE9722C4BE6600766274 /* EducationEnumerates.h */ = {isa = PBXFileReference; lastKnownFileType = sourcecode.c.h; path = EducationEnumerates.h; sourceTree = "<group>"; };
		1A61CB762386303B003D9E81 /* AEClassRoomProtocol.h */ = {isa = PBXFileReference; lastKnownFileType = sourcecode.c.h; path = AEClassRoomProtocol.h; sourceTree = "<group>"; };
		1A61CB7D238799CD003D9E81 /* AgoraMiniClass.pch */ = {isa = PBXFileReference; fileEncoding = 4; lastKnownFileType = sourcecode.c.h; name = AgoraMiniClass.pch; path = "../../../../../../Desktop/education_iOS/AgoraMiniClass/Supporting Files/AgoraMiniClass.pch"; sourceTree = "<group>"; };
		1A61CB7E2387CE2C003D9E81 /* BCStudentVideoView.xib */ = {isa = PBXFileReference; fileEncoding = 4; lastKnownFileType = file.xib; path = BCStudentVideoView.xib; sourceTree = "<group>"; };
		1A61CB802387CE35003D9E81 /* BCStudentVideoView.m */ = {isa = PBXFileReference; fileEncoding = 4; lastKnownFileType = sourcecode.c.objc; path = BCStudentVideoView.m; sourceTree = "<group>"; };
		1A61CB822387CE4A003D9E81 /* BCStudentVideoView.h */ = {isa = PBXFileReference; fileEncoding = 4; lastKnownFileType = sourcecode.c.h; path = BCStudentVideoView.h; sourceTree = "<group>"; };
		1A61CB832387CF4A003D9E81 /* AERTMMessageBody.m */ = {isa = PBXFileReference; fileEncoding = 4; lastKnownFileType = sourcecode.c.objc; path = AERTMMessageBody.m; sourceTree = "<group>"; };
		1A61CB842387CF4A003D9E81 /* AERTMMessageBody.h */ = {isa = PBXFileReference; fileEncoding = 4; lastKnownFileType = sourcecode.c.h; path = AERTMMessageBody.h; sourceTree = "<group>"; };
		1A61CB86238806EB003D9E81 /* AEP2pMessageModel.h */ = {isa = PBXFileReference; lastKnownFileType = sourcecode.c.h; path = AEP2pMessageModel.h; sourceTree = "<group>"; };
		1A61CB87238806EB003D9E81 /* AEP2pMessageModel.m */ = {isa = PBXFileReference; lastKnownFileType = sourcecode.c.objc; path = AEP2pMessageModel.m; sourceTree = "<group>"; };
		1A61CB8C2389405D003D9E81 /* AERoomViewController.h */ = {isa = PBXFileReference; lastKnownFileType = sourcecode.c.h; path = AERoomViewController.h; sourceTree = "<group>"; };
		1A61CB8D2389405D003D9E81 /* AERoomViewController.m */ = {isa = PBXFileReference; lastKnownFileType = sourcecode.c.objc; path = AERoomViewController.m; sourceTree = "<group>"; };
		1A6BC50C2360396B00FE8289 /* EEWhiteboardTool.h */ = {isa = PBXFileReference; lastKnownFileType = sourcecode.c.h; path = EEWhiteboardTool.h; sourceTree = "<group>"; };
		1A6BC50D2360396B00FE8289 /* EEWhiteboardTool.m */ = {isa = PBXFileReference; lastKnownFileType = sourcecode.c.objc; path = EEWhiteboardTool.m; sourceTree = "<group>"; };
		1A6BC50F23603F7700FE8289 /* EEWhiteboardTool.xib */ = {isa = PBXFileReference; lastKnownFileType = file.xib; path = EEWhiteboardTool.xib; sourceTree = "<group>"; };
		1A6BC52023608AF600FE8289 /* EETeacherVideoView.h */ = {isa = PBXFileReference; lastKnownFileType = sourcecode.c.h; path = EETeacherVideoView.h; sourceTree = "<group>"; };
		1A6BC52123608AF600FE8289 /* EETeacherVideoView.m */ = {isa = PBXFileReference; lastKnownFileType = sourcecode.c.objc; path = EETeacherVideoView.m; sourceTree = "<group>"; };
		1A6BC52323608B0900FE8289 /* EETeacherVideoView.xib */ = {isa = PBXFileReference; lastKnownFileType = file.xib; path = EETeacherVideoView.xib; sourceTree = "<group>"; };
		1A70AFB02359F17500942742 /* SettingViewCell.h */ = {isa = PBXFileReference; lastKnownFileType = sourcecode.c.h; path = SettingViewCell.h; sourceTree = "<group>"; };
		1A70AFB12359F17500942742 /* SettingViewCell.m */ = {isa = PBXFileReference; lastKnownFileType = sourcecode.c.objc; path = SettingViewCell.m; sourceTree = "<group>"; };
		1A87571023571CFE009C55A8 /* SettingViewController.h */ = {isa = PBXFileReference; lastKnownFileType = sourcecode.c.h; path = SettingViewController.h; sourceTree = "<group>"; };
		1A87571123571CFE009C55A8 /* SettingViewController.m */ = {isa = PBXFileReference; lastKnownFileType = sourcecode.c.objc; path = SettingViewController.m; sourceTree = "<group>"; };
		1A8939FE2361751200C2398A /* BCNavigationView.h */ = {isa = PBXFileReference; lastKnownFileType = sourcecode.c.h; path = BCNavigationView.h; sourceTree = "<group>"; };
		1A8939FF2361751200C2398A /* BCNavigationView.m */ = {isa = PBXFileReference; lastKnownFileType = sourcecode.c.objc; path = BCNavigationView.m; sourceTree = "<group>"; };
		1A893A012361752400C2398A /* BCNavigationView.xib */ = {isa = PBXFileReference; lastKnownFileType = file.xib; path = BCNavigationView.xib; sourceTree = "<group>"; };
		1A8EEB5823796A3700A809B1 /* EEMessageView.h */ = {isa = PBXFileReference; lastKnownFileType = sourcecode.c.h; path = EEMessageView.h; sourceTree = "<group>"; };
		1A8EEB5923796A3700A809B1 /* EEMessageView.m */ = {isa = PBXFileReference; lastKnownFileType = sourcecode.c.objc; path = EEMessageView.m; sourceTree = "<group>"; };
		1A8EEB5D23796D5600A809B1 /* EEMessageViewCell.h */ = {isa = PBXFileReference; lastKnownFileType = sourcecode.c.h; path = EEMessageViewCell.h; sourceTree = "<group>"; };
		1A8EEB5E23796D5600A809B1 /* EEMessageViewCell.m */ = {isa = PBXFileReference; lastKnownFileType = sourcecode.c.objc; path = EEMessageViewCell.m; sourceTree = "<group>"; };
		1A8EEB6023796D6200A809B1 /* EEMessageViewCell.xib */ = {isa = PBXFileReference; lastKnownFileType = file.xib; path = EEMessageViewCell.xib; sourceTree = "<group>"; };
		1A8EEB66237ABBBD00A809B1 /* EENavigationView.h */ = {isa = PBXFileReference; lastKnownFileType = sourcecode.c.h; path = EENavigationView.h; sourceTree = "<group>"; };
		1A8EEB67237ABBBD00A809B1 /* EENavigationView.m */ = {isa = PBXFileReference; lastKnownFileType = sourcecode.c.objc; path = EENavigationView.m; sourceTree = "<group>"; };
		1A8EEB69237ABBCB00A809B1 /* EENavigationView.xib */ = {isa = PBXFileReference; lastKnownFileType = file.xib; path = EENavigationView.xib; sourceTree = "<group>"; };
		1A9B621B2384E9A6001E366C /* EEAlertView.h */ = {isa = PBXFileReference; lastKnownFileType = sourcecode.c.h; path = EEAlertView.h; sourceTree = "<group>"; };
		1A9B621C2384E9A6001E366C /* EEAlertView.m */ = {isa = PBXFileReference; lastKnownFileType = sourcecode.c.objc; path = EEAlertView.m; sourceTree = "<group>"; };
		1AD4E993235EFB2700C415BF /* BCViewController.h */ = {isa = PBXFileReference; lastKnownFileType = sourcecode.c.h; path = BCViewController.h; sourceTree = "<group>"; };
		1AD4E994235EFB2700C415BF /* BCViewController.m */ = {isa = PBXFileReference; lastKnownFileType = sourcecode.c.objc; path = BCViewController.m; sourceTree = "<group>"; };
		1AD4E999235F100400C415BF /* BCSegmentedView.h */ = {isa = PBXFileReference; lastKnownFileType = sourcecode.c.h; path = BCSegmentedView.h; sourceTree = "<group>"; };
		1AD4E99A235F100400C415BF /* BCSegmentedView.m */ = {isa = PBXFileReference; lastKnownFileType = sourcecode.c.objc; path = BCSegmentedView.m; sourceTree = "<group>"; };
		1AD4E9A2236008FF00C415BF /* EEPageControlView.h */ = {isa = PBXFileReference; lastKnownFileType = sourcecode.c.h; path = EEPageControlView.h; sourceTree = "<group>"; };
		1AD4E9A3236008FF00C415BF /* EEPageControlView.m */ = {isa = PBXFileReference; lastKnownFileType = sourcecode.c.objc; path = EEPageControlView.m; sourceTree = "<group>"; };
		1AD4E9A52360092A00C415BF /* EEPageControlView.xib */ = {isa = PBXFileReference; lastKnownFileType = file.xib; path = EEPageControlView.xib; sourceTree = "<group>"; };
		1AE0D0042283C5F20092AC5E /* AgoraEducation.app */ = {isa = PBXFileReference; explicitFileType = wrapper.application; includeInIndex = 0; path = AgoraEducation.app; sourceTree = BUILT_PRODUCTS_DIR; };
		1AE0D01C2283C5F40092AC5E /* AgoraEducationTests.xctest */ = {isa = PBXFileReference; explicitFileType = wrapper.cfbundle; includeInIndex = 0; path = AgoraEducationTests.xctest; sourceTree = BUILT_PRODUCTS_DIR; };
		1AE0D0272283C5F40092AC5E /* AgoraEducationUITests.xctest */ = {isa = PBXFileReference; explicitFileType = wrapper.cfbundle; includeInIndex = 0; path = AgoraEducationUITests.xctest; sourceTree = BUILT_PRODUCTS_DIR; };
		1AE0D0A022897E9A0092AC5E /* SystemConfiguration.framework */ = {isa = PBXFileReference; lastKnownFileType = wrapper.framework; name = SystemConfiguration.framework; path = System/Library/Frameworks/SystemConfiguration.framework; sourceTree = SDKROOT; };
		1AE0D0A222897EA60092AC5E /* CoreTelephony.framework */ = {isa = PBXFileReference; lastKnownFileType = wrapper.framework; name = CoreTelephony.framework; path = System/Library/Frameworks/CoreTelephony.framework; sourceTree = SDKROOT; };
		1AE0D0A422897EC40092AC5E /* libresolv.tbd */ = {isa = PBXFileReference; lastKnownFileType = "sourcecode.text-based-dylib-definition"; name = libresolv.tbd; path = usr/lib/libresolv.tbd; sourceTree = SDKROOT; };
		1AE0D0A622897ECD0092AC5E /* libc++.tbd */ = {isa = PBXFileReference; lastKnownFileType = "sourcecode.text-based-dylib-definition"; name = "libc++.tbd"; path = "usr/lib/libc++.tbd"; sourceTree = SDKROOT; };
		1AEDE5DB2338C0B40096ADEC /* EyeCareModeUtil.h */ = {isa = PBXFileReference; lastKnownFileType = sourcecode.c.h; path = EyeCareModeUtil.h; sourceTree = "<group>"; };
		1AEDE5DC2338C0B40096ADEC /* EyeCareModeUtil.m */ = {isa = PBXFileReference; lastKnownFileType = sourcecode.c.objc; path = EyeCareModeUtil.m; sourceTree = "<group>"; };
		1AEDE5DE2338CB9E0096ADEC /* SkinCoverLayer.h */ = {isa = PBXFileReference; lastKnownFileType = sourcecode.c.h; path = SkinCoverLayer.h; sourceTree = "<group>"; };
		1AEDE5DF2338CB9E0096ADEC /* SkinCoverLayer.m */ = {isa = PBXFileReference; lastKnownFileType = sourcecode.c.objc; path = SkinCoverLayer.m; sourceTree = "<group>"; };
		1AEDE5E12338CBBF0096ADEC /* SkinCoverWindow.h */ = {isa = PBXFileReference; lastKnownFileType = sourcecode.c.h; path = SkinCoverWindow.h; sourceTree = "<group>"; };
		1AEDE5E22338CBBF0096ADEC /* SkinCoverWindow.m */ = {isa = PBXFileReference; lastKnownFileType = sourcecode.c.objc; path = SkinCoverWindow.m; sourceTree = "<group>"; };
		1AF1CD2C236700A400DA8B12 /* EEClassRoomTypeView.h */ = {isa = PBXFileReference; lastKnownFileType = sourcecode.c.h; path = EEClassRoomTypeView.h; sourceTree = "<group>"; };
		1AF1CD2D236700A400DA8B12 /* EEClassRoomTypeView.m */ = {isa = PBXFileReference; lastKnownFileType = sourcecode.c.objc; path = EEClassRoomTypeView.m; sourceTree = "<group>"; };
		1AF1CD2F236700B300DA8B12 /* EEClassRoomTypeView.xib */ = {isa = PBXFileReference; lastKnownFileType = file.xib; path = EEClassRoomTypeView.xib; sourceTree = "<group>"; };
		1AFD47AE237E7965005AA56C /* MCTeacherVideoView.h */ = {isa = PBXFileReference; lastKnownFileType = sourcecode.c.h; path = MCTeacherVideoView.h; sourceTree = "<group>"; };
		1AFD47AF237E7965005AA56C /* MCTeacherVideoView.m */ = {isa = PBXFileReference; lastKnownFileType = sourcecode.c.objc; path = MCTeacherVideoView.m; sourceTree = "<group>"; };
		1AFD47B1237E7974005AA56C /* MCTeacherVideoView.xib */ = {isa = PBXFileReference; lastKnownFileType = file.xib; path = MCTeacherVideoView.xib; sourceTree = "<group>"; };
		1AFD47B3237E9E25005AA56C /* MCSegmentedView.h */ = {isa = PBXFileReference; lastKnownFileType = sourcecode.c.h; path = MCSegmentedView.h; sourceTree = "<group>"; };
		1AFD47B4237E9E25005AA56C /* MCSegmentedView.m */ = {isa = PBXFileReference; lastKnownFileType = sourcecode.c.objc; path = MCSegmentedView.m; sourceTree = "<group>"; };
		1AFD47B6237EAEA6005AA56C /* MCStudentListView.h */ = {isa = PBXFileReference; lastKnownFileType = sourcecode.c.h; path = MCStudentListView.h; sourceTree = "<group>"; };
		1AFD47B7237EAEA6005AA56C /* MCStudentListView.m */ = {isa = PBXFileReference; lastKnownFileType = sourcecode.c.objc; path = MCStudentListView.m; sourceTree = "<group>"; };
		1AFD47B9237EB06F005AA56C /* MCStudentViewCell.h */ = {isa = PBXFileReference; lastKnownFileType = sourcecode.c.h; path = MCStudentViewCell.h; sourceTree = "<group>"; };
		1AFD47BA237EB06F005AA56C /* MCStudentViewCell.m */ = {isa = PBXFileReference; lastKnownFileType = sourcecode.c.objc; path = MCStudentViewCell.m; sourceTree = "<group>"; };
		1AFD47BC237EB079005AA56C /* MCStudentViewCell.xib */ = {isa = PBXFileReference; lastKnownFileType = file.xib; path = MCStudentViewCell.xib; sourceTree = "<group>"; };
		40B28313D80C71B4DA8D643D /* Pods-AgoraEducation.debug.xcconfig */ = {isa = PBXFileReference; includeInIndex = 1; lastKnownFileType = text.xcconfig; name = "Pods-AgoraEducation.debug.xcconfig"; path = "Target Support Files/Pods-AgoraEducation/Pods-AgoraEducation.debug.xcconfig"; sourceTree = "<group>"; };
		4EAA54960A24224AEAEC570D /* Pods-AgoraEducation.release.xcconfig */ = {isa = PBXFileReference; includeInIndex = 1; lastKnownFileType = text.xcconfig; name = "Pods-AgoraEducation.release.xcconfig"; path = "Target Support Files/Pods-AgoraEducation/Pods-AgoraEducation.release.xcconfig"; sourceTree = "<group>"; };
		76A4F1D25B13050F999DB322 /* Pods_AgoraEducation.framework */ = {isa = PBXFileReference; explicitFileType = wrapper.framework; includeInIndex = 0; path = Pods_AgoraEducation.framework; sourceTree = BUILT_PRODUCTS_DIR; };
/* End PBXFileReference section */

/* Begin PBXFrameworksBuildPhase section */
		1AE0D0012283C5F20092AC5E /* Frameworks */ = {
			isa = PBXFrameworksBuildPhase;
			buildActionMask = 2147483647;
			files = (
				933AE560CF5F0977F2647C18 /* Pods_AgoraEducation.framework in Frameworks */,
			);
			runOnlyForDeploymentPostprocessing = 0;
		};
		1AE0D0192283C5F40092AC5E /* Frameworks */ = {
			isa = PBXFrameworksBuildPhase;
			buildActionMask = 2147483647;
			files = (
			);
			runOnlyForDeploymentPostprocessing = 0;
		};
		1AE0D0242283C5F40092AC5E /* Frameworks */ = {
			isa = PBXFrameworksBuildPhase;
			buildActionMask = 2147483647;
			files = (
			);
			runOnlyForDeploymentPostprocessing = 0;
		};
/* End PBXFrameworksBuildPhase section */

/* Begin PBXGroup section */
		1A399E4C236975AD00F5A40F /* BigClass */ = {
			isa = PBXGroup;
			children = (
				1A399E552369AF2200F5A40F /* Model */,
				1A399E4E236975D400F5A40F /* View */,
				1A399E4D236975C200F5A40F /* Controllers */,
			);
			path = BigClass;
			sourceTree = "<group>";
		};
		1A399E4D236975C200F5A40F /* Controllers */ = {
			isa = PBXGroup;
			children = (
				1AD4E993235EFB2700C415BF /* BCViewController.h */,
				1AD4E994235EFB2700C415BF /* BCViewController.m */,
			);
			path = Controllers;
			sourceTree = "<group>";
		};
		1A399E4E236975D400F5A40F /* View */ = {
			isa = PBXGroup;
			children = (
				1AD4E999235F100400C415BF /* BCSegmentedView.h */,
				1AD4E99A235F100400C415BF /* BCSegmentedView.m */,
				1AD4E9A2236008FF00C415BF /* EEPageControlView.h */,
				1AD4E9A3236008FF00C415BF /* EEPageControlView.m */,
				1AD4E9A52360092A00C415BF /* EEPageControlView.xib */,
				1A6BC50C2360396B00FE8289 /* EEWhiteboardTool.h */,
				1A6BC50D2360396B00FE8289 /* EEWhiteboardTool.m */,
				1A6BC50F23603F7700FE8289 /* EEWhiteboardTool.xib */,
				1A6BC52023608AF600FE8289 /* EETeacherVideoView.h */,
				1A6BC52123608AF600FE8289 /* EETeacherVideoView.m */,
				1A6BC52323608B0900FE8289 /* EETeacherVideoView.xib */,
				1A8939FE2361751200C2398A /* BCNavigationView.h */,
				1A8939FF2361751200C2398A /* BCNavigationView.m */,
				1A893A012361752400C2398A /* BCNavigationView.xib */,
				1A17499A236297BE00A65B10 /* EEChatTextFiled.h */,
				1A17499B236297BE00A65B10 /* EEChatTextFiled.m */,
				1A17499D236297CF00A65B10 /* EEChatTextFiled.xib */,
				1A61CB822387CE4A003D9E81 /* BCStudentVideoView.h */,
				1A61CB802387CE35003D9E81 /* BCStudentVideoView.m */,
				1A61CB7E2387CE2C003D9E81 /* BCStudentVideoView.xib */,
				1A226C51236BE5450024D984 /* EEColorShowView.h */,
				1A226C52236BE5450024D984 /* EEColorShowView.m */,
				1A226C54236BE5500024D984 /* EEColorShowView.xib */,
				1A226C56236BEAEC0024D984 /* EEColorViewCell.h */,
				1A226C57236BEAEC0024D984 /* EEColorViewCell.m */,
				1A2FFA0B237261FF0049E49F /* UIView+EEBadge.h */,
				1A2FFA0C237261FF0049E49F /* UIView+EEBadge.m */,
			);
			path = View;
			sourceTree = "<group>";
		};
		1A399E4F236975F900F5A40F /* MiniClass */ = {
			isa = PBXGroup;
			children = (
				1A44BE3B22BF863000766274 /* View */,
				1A44BE3A22BF863000766274 /* Model */,
				1AD4E991235EDFE000C415BF /* Controllers */,
			);
			path = MiniClass;
			sourceTree = "<group>";
		};
		1A399E502369763900F5A40F /* OneToOne */ = {
			isa = PBXGroup;
			children = (
				1A8EEB57237969F900A809B1 /* Views */,
				1A399E5123697E6800F5A40F /* Controllers */,
			);
			path = OneToOne;
			sourceTree = "<group>";
		};
		1A399E5123697E6800F5A40F /* Controllers */ = {
			isa = PBXGroup;
			children = (
				1A399E5223697E9000F5A40F /* OneToOneViewController.h */,
				1A399E5323697E9000F5A40F /* OneToOneViewController.m */,
			);
			path = Controllers;
			sourceTree = "<group>";
		};
		1A399E552369AF2200F5A40F /* Model */ = {
			isa = PBXGroup;
			children = (
				1A61CB842387CF4A003D9E81 /* AERTMMessageBody.h */,
				1A61CB832387CF4A003D9E81 /* AERTMMessageBody.m */,
				1A226C42236A7C1B0024D984 /* AEStudentModel.h */,
				1A226C43236A7C1B0024D984 /* AEStudentModel.m */,
				1A226C48236A7D8A0024D984 /* AETeactherModel.h */,
				1A226C49236A7D8A0024D984 /* AETeactherModel.m */,
				1A61CB86238806EB003D9E81 /* AEP2pMessageModel.h */,
				1A61CB87238806EB003D9E81 /* AEP2pMessageModel.m */,
			);
			path = Model;
			sourceTree = "<group>";
		};
		1A44BE3322BF863000766274 /* AgoraEducation */ = {
			isa = PBXGroup;
			children = (
				1A87570F23571CC9009C55A8 /* Setting */,
				1AEDE5DA2338C09C0096ADEC /* EyeCare */,
				1ACECF4C22E74F6B00800FAF /* ClassRoomData */,
				1A44BE3622BF863000766274 /* Room */,
				1A44BE5A22BF863000766274 /* Main.storyboard */,
				1A44BE6222BF863000766274 /* MainViewController.h */,
				1A44BE5C22BF863000766274 /* MainViewController.m */,
				1A1749972361A7F000A65B10 /* MainNavigationController.h */,
				1A1749982361A7F000A65B10 /* MainNavigationController.m */,
				1AF1CD2C236700A400DA8B12 /* EEClassRoomTypeView.h */,
				1AF1CD2D236700A400DA8B12 /* EEClassRoomTypeView.m */,
				1AF1CD2F236700B300DA8B12 /* EEClassRoomTypeView.xib */,
				1A226C5B236EC3BA0024D984 /* UIColor+Addition.h */,
				1A226C5C236EC3BA0024D984 /* UIColor+Addition.m */,
				1A9B621B2384E9A6001E366C /* EEAlertView.h */,
				1A9B621C2384E9A6001E366C /* EEAlertView.m */,
				1A87571323581AEC009C55A8 /* Supporting Files */,
			);
			path = AgoraEducation;
			sourceTree = "<group>";
		};
		1A44BE3622BF863000766274 /* Room */ = {
			isa = PBXGroup;
			children = (
				1A399E502369763900F5A40F /* OneToOne */,
				1A399E4F236975F900F5A40F /* MiniClass */,
				1A399E4C236975AD00F5A40F /* BigClass */,
				1A05ADA6237E55630041F27B /* Room.storyboard */,
				1A61CB762386303B003D9E81 /* AEClassRoomProtocol.h */,
				1A61CB8C2389405D003D9E81 /* AERoomViewController.h */,
				1A61CB8D2389405D003D9E81 /* AERoomViewController.m */,
			);
			path = Room;
			sourceTree = "<group>";
		};
		1A44BE3A22BF863000766274 /* Model */ = {
			isa = PBXGroup;
			children = (
				1A44BE8122BFA97400766274 /* AERoomMessageModel.h */,
				1A44BE8222BFA97400766274 /* AERoomMessageModel.m */,
			);
			path = Model;
			sourceTree = "<group>";
		};
		1A44BE3B22BF863000766274 /* View */ = {
			isa = PBXGroup;
			children = (
				1A296C6022DEFCE6008AC68A /* MCStudentVideoCell.h */,
				1A296C6122DEFCE6008AC68A /* MCStudentVideoCell.m */,
				1A05AD97237D935F0041F27B /* MCStudentVideoListView.h */,
				1A05AD98237D935F0041F27B /* MCStudentVideoListView.m */,
				1AFD47AE237E7965005AA56C /* MCTeacherVideoView.h */,
				1AFD47AF237E7965005AA56C /* MCTeacherVideoView.m */,
				1AFD47B1237E7974005AA56C /* MCTeacherVideoView.xib */,
				1AFD47B3237E9E25005AA56C /* MCSegmentedView.h */,
				1AFD47B4237E9E25005AA56C /* MCSegmentedView.m */,
				1AFD47B6237EAEA6005AA56C /* MCStudentListView.h */,
				1AFD47B7237EAEA6005AA56C /* MCStudentListView.m */,
				1AFD47B9237EB06F005AA56C /* MCStudentViewCell.h */,
				1AFD47BA237EB06F005AA56C /* MCStudentViewCell.m */,
				1AFD47BC237EB079005AA56C /* MCStudentViewCell.xib */,
			);
			path = View;
			sourceTree = "<group>";
		};
		1A70AFAF2359F15000942742 /* View */ = {
			isa = PBXGroup;
			children = (
				1A70AFB02359F17500942742 /* SettingViewCell.h */,
				1A70AFB12359F17500942742 /* SettingViewCell.m */,
			);
			path = View;
			sourceTree = "<group>";
		};
		1A87570F23571CC9009C55A8 /* Setting */ = {
			isa = PBXGroup;
			children = (
				1AD4E992235EE15300C415BF /* Controllers */,
				1A70AFAF2359F15000942742 /* View */,
			);
			path = Setting;
			sourceTree = "<group>";
		};
		1A87571323581AEC009C55A8 /* Supporting Files */ = {
			isa = PBXGroup;
			children = (
				1A44BE5722BF863000766274 /* Assets.xcassets */,
				1A44BE5822BF863000766274 /* LaunchScreen.storyboard */,
				1A44BE7E22BF874A00766274 /* Info.plist */,
				1A44BE6522BF863000766274 /* Configs.m */,
				1A44BE5E22BF863000766274 /* main.m */,
				1A44BE3522BF863000766274 /* AppDelegate.h */,
				1A44BE6022BF863000766274 /* AppDelegate.m */,
				1A61CB7D238799CD003D9E81 /* AgoraMiniClass.pch */,
			);
			path = "Supporting Files";
			sourceTree = "<group>";
		};
		1A87571623581C96009C55A8 /* AFNetwork */ = {
			isa = PBXGroup;
			children = (
				1A44BE5222BF863000766274 /* AgoraHttpRequest.h */,
				1A44BE5422BF863000766274 /* AgoraHttpRequest.m */,
				1A44BE5522BF863000766274 /* AgoraBaseRequest.h */,
				1A44BE5322BF863000766274 /* AgoraBaseRequest.m */,
			);
			path = AFNetwork;
			sourceTree = "<group>";
		};
		1A8EEB57237969F900A809B1 /* Views */ = {
			isa = PBXGroup;
			children = (
				1A8EEB5823796A3700A809B1 /* EEMessageView.h */,
				1A8EEB5923796A3700A809B1 /* EEMessageView.m */,
				1A8EEB5D23796D5600A809B1 /* EEMessageViewCell.h */,
				1A8EEB5E23796D5600A809B1 /* EEMessageViewCell.m */,
				1A8EEB6023796D6200A809B1 /* EEMessageViewCell.xib */,
				1A8EEB66237ABBBD00A809B1 /* EENavigationView.h */,
				1A8EEB67237ABBBD00A809B1 /* EENavigationView.m */,
				1A8EEB69237ABBCB00A809B1 /* EENavigationView.xib */,
				1A05AD8D237BBAFC0041F27B /* OTOTeacherView.h */,
				1A05AD8E237BBAFC0041F27B /* OTOTeacherView.m */,
				1A05AD90237BBB080041F27B /* OTOTeacherView.xib */,
				1A05AD92237BC0830041F27B /* OTOStudentView.h */,
				1A05AD93237BC0830041F27B /* OTOStudentView.m */,
				1A05AD95237BC08B0041F27B /* OTOStudentView.xib */,
			);
			path = Views;
			sourceTree = "<group>";
		};
		1ACECF4C22E74F6B00800FAF /* ClassRoomData */ = {
			isa = PBXGroup;
			children = (
				1A87571623581C96009C55A8 /* AFNetwork */,
				1A44BE9722C4BE6600766274 /* EducationEnumerates.h */,
				1A44BE9122C471BF00766274 /* JsonAndStringConversions.h */,
				1A44BE9222C471BF00766274 /* JsonAndStringConversions.m */,
			);
			path = ClassRoomData;
			sourceTree = "<group>";
		};
		1AD4E991235EDFE000C415BF /* Controllers */ = {
			isa = PBXGroup;
			children = (
				1A05ADA1237E4B3B0041F27B /* MCViewController.h */,
				1A05ADA2237E4B3B0041F27B /* MCViewController.m */,
			);
			path = Controllers;
			sourceTree = "<group>";
		};
		1AD4E992235EE15300C415BF /* Controllers */ = {
			isa = PBXGroup;
			children = (
				1A87571023571CFE009C55A8 /* SettingViewController.h */,
				1A87571123571CFE009C55A8 /* SettingViewController.m */,
			);
			path = Controllers;
			sourceTree = "<group>";
		};
		1AE0CFFB2283C5F20092AC5E = {
			isa = PBXGroup;
			children = (
				1A44BE3322BF863000766274 /* AgoraEducation */,
				1AE0D0052283C5F20092AC5E /* Products */,
				938D296AAD5470F95D0BD9D5 /* Pods */,
				E01323DE5BE7ACD24D968F1E /* Frameworks */,
			);
			sourceTree = "<group>";
		};
		1AE0D0052283C5F20092AC5E /* Products */ = {
			isa = PBXGroup;
			children = (
				1AE0D0042283C5F20092AC5E /* AgoraEducation.app */,
				1AE0D01C2283C5F40092AC5E /* AgoraEducationTests.xctest */,
				1AE0D0272283C5F40092AC5E /* AgoraEducationUITests.xctest */,
			);
			name = Products;
			sourceTree = "<group>";
		};
		1AEDE5DA2338C09C0096ADEC /* EyeCare */ = {
			isa = PBXGroup;
			children = (
				1AEDE5DB2338C0B40096ADEC /* EyeCareModeUtil.h */,
				1AEDE5DC2338C0B40096ADEC /* EyeCareModeUtil.m */,
				1AEDE5DE2338CB9E0096ADEC /* SkinCoverLayer.h */,
				1AEDE5DF2338CB9E0096ADEC /* SkinCoverLayer.m */,
				1AEDE5E12338CBBF0096ADEC /* SkinCoverWindow.h */,
				1AEDE5E22338CBBF0096ADEC /* SkinCoverWindow.m */,
			);
			path = EyeCare;
			sourceTree = "<group>";
		};
		938D296AAD5470F95D0BD9D5 /* Pods */ = {
			isa = PBXGroup;
			children = (
				40B28313D80C71B4DA8D643D /* Pods-AgoraEducation.debug.xcconfig */,
				4EAA54960A24224AEAEC570D /* Pods-AgoraEducation.release.xcconfig */,
			);
			path = Pods;
			sourceTree = "<group>";
		};
		E01323DE5BE7ACD24D968F1E /* Frameworks */ = {
			isa = PBXGroup;
			children = (
				1AE0D0A622897ECD0092AC5E /* libc++.tbd */,
				1AE0D0A422897EC40092AC5E /* libresolv.tbd */,
				1AE0D0A222897EA60092AC5E /* CoreTelephony.framework */,
				1AE0D0A022897E9A0092AC5E /* SystemConfiguration.framework */,
				76A4F1D25B13050F999DB322 /* Pods_AgoraEducation.framework */,
			);
			name = Frameworks;
			sourceTree = "<group>";
		};
/* End PBXGroup section */

/* Begin PBXNativeTarget section */
		1AE0D0032283C5F20092AC5E /* AgoraEducation */ = {
			isa = PBXNativeTarget;
			buildConfigurationList = 1AE0D0302283C5F40092AC5E /* Build configuration list for PBXNativeTarget "AgoraEducation" */;
			buildPhases = (
				CC49100FDE030D72EE28DCAE /* [CP] Check Pods Manifest.lock */,
				1AE0D0002283C5F20092AC5E /* Sources */,
				1AE0D0012283C5F20092AC5E /* Frameworks */,
				1AE0D0022283C5F20092AC5E /* Resources */,
				F26EA06C7F855A9A6E058336 /* [CP] Embed Pods Frameworks */,
				5781159065BBB5F873901CAC /* [CP] Copy Pods Resources */,
			);
			buildRules = (
			);
			dependencies = (
			);
			name = AgoraEducation;
			productName = AgoraSmallClass;
			productReference = 1AE0D0042283C5F20092AC5E /* AgoraEducation.app */;
			productType = "com.apple.product-type.application";
		};
		1AE0D01B2283C5F40092AC5E /* AgoraEducationTests */ = {
			isa = PBXNativeTarget;
			buildConfigurationList = 1AE0D0332283C5F40092AC5E /* Build configuration list for PBXNativeTarget "AgoraEducationTests" */;
			buildPhases = (
				1AE0D0182283C5F40092AC5E /* Sources */,
				1AE0D0192283C5F40092AC5E /* Frameworks */,
				1AE0D01A2283C5F40092AC5E /* Resources */,
			);
			buildRules = (
			);
			dependencies = (
				1AE0D01E2283C5F40092AC5E /* PBXTargetDependency */,
			);
			name = AgoraEducationTests;
			productName = AgoraSmallClassTests;
			productReference = 1AE0D01C2283C5F40092AC5E /* AgoraEducationTests.xctest */;
			productType = "com.apple.product-type.bundle.unit-test";
		};
		1AE0D0262283C5F40092AC5E /* AgoraEducationUITests */ = {
			isa = PBXNativeTarget;
			buildConfigurationList = 1AE0D0362283C5F40092AC5E /* Build configuration list for PBXNativeTarget "AgoraEducationUITests" */;
			buildPhases = (
				1AE0D0232283C5F40092AC5E /* Sources */,
				1AE0D0242283C5F40092AC5E /* Frameworks */,
				1AE0D0252283C5F40092AC5E /* Resources */,
			);
			buildRules = (
			);
			dependencies = (
				1AE0D0292283C5F40092AC5E /* PBXTargetDependency */,
			);
			name = AgoraEducationUITests;
			productName = AgoraSmallClassUITests;
			productReference = 1AE0D0272283C5F40092AC5E /* AgoraEducationUITests.xctest */;
			productType = "com.apple.product-type.bundle.ui-testing";
		};
/* End PBXNativeTarget section */

/* Begin PBXProject section */
		1AE0CFFC2283C5F20092AC5E /* Project object */ = {
			isa = PBXProject;
			attributes = {
				LastUpgradeCheck = 1020;
				ORGANIZATIONNAME = yangmoumou;
				TargetAttributes = {
					1AE0D0032283C5F20092AC5E = {
						CreatedOnToolsVersion = 10.2.1;
						SystemCapabilities = {
							com.apple.BackgroundModes = {
								enabled = 1;
							};
						};
					};
					1AE0D01B2283C5F40092AC5E = {
						CreatedOnToolsVersion = 10.2.1;
						TestTargetID = 1AE0D0032283C5F20092AC5E;
					};
					1AE0D0262283C5F40092AC5E = {
						CreatedOnToolsVersion = 10.2.1;
						TestTargetID = 1AE0D0032283C5F20092AC5E;
					};
				};
			};
			buildConfigurationList = 1AE0CFFF2283C5F20092AC5E /* Build configuration list for PBXProject "AgoraEducation" */;
			compatibilityVersion = "Xcode 9.3";
			developmentRegion = en;
			hasScannedForEncodings = 0;
			knownRegions = (
				en,
				Base,
			);
			mainGroup = 1AE0CFFB2283C5F20092AC5E;
			productRefGroup = 1AE0D0052283C5F20092AC5E /* Products */;
			projectDirPath = "";
			projectRoot = "";
			targets = (
				1AE0D0032283C5F20092AC5E /* AgoraEducation */,
				1AE0D01B2283C5F40092AC5E /* AgoraEducationTests */,
				1AE0D0262283C5F40092AC5E /* AgoraEducationUITests */,
			);
		};
/* End PBXProject section */

/* Begin PBXResourcesBuildPhase section */
		1AE0D0022283C5F20092AC5E /* Resources */ = {
			isa = PBXResourcesBuildPhase;
			buildActionMask = 2147483647;
			files = (
				1A44BE7722BF863000766274 /* Main.storyboard in Resources */,
				1A6BC51023603F7700FE8289 /* EEWhiteboardTool.xib in Resources */,
				1A893A022361752400C2398A /* BCNavigationView.xib in Resources */,
				1A05ADA7237E55630041F27B /* Room.storyboard in Resources */,
				1AD4E9A62360092A00C415BF /* EEPageControlView.xib in Resources */,
				1A61CB7F2387CE2C003D9E81 /* BCStudentVideoView.xib in Resources */,
				1A05AD96237BC08B0041F27B /* OTOStudentView.xib in Resources */,
				1A05AD91237BBB090041F27B /* OTOTeacherView.xib in Resources */,
				1A44BE7522BF863000766274 /* Assets.xcassets in Resources */,
				1A17499E236297CF00A65B10 /* EEChatTextFiled.xib in Resources */,
				1A226C55236BE5500024D984 /* EEColorShowView.xib in Resources */,
				1A8EEB6A237ABBCB00A809B1 /* EENavigationView.xib in Resources */,
				1AF1CD30236700B300DA8B12 /* EEClassRoomTypeView.xib in Resources */,
				1AFD47BD237EB079005AA56C /* MCStudentViewCell.xib in Resources */,
				1A44BE7622BF863000766274 /* LaunchScreen.storyboard in Resources */,
				1A6BC52423608B0900FE8289 /* EETeacherVideoView.xib in Resources */,
				1A8EEB6123796D6200A809B1 /* EEMessageViewCell.xib in Resources */,
				1AFD47B2237E7974005AA56C /* MCTeacherVideoView.xib in Resources */,
			);
			runOnlyForDeploymentPostprocessing = 0;
		};
		1AE0D01A2283C5F40092AC5E /* Resources */ = {
			isa = PBXResourcesBuildPhase;
			buildActionMask = 2147483647;
			files = (
			);
			runOnlyForDeploymentPostprocessing = 0;
		};
		1AE0D0252283C5F40092AC5E /* Resources */ = {
			isa = PBXResourcesBuildPhase;
			buildActionMask = 2147483647;
			files = (
			);
			runOnlyForDeploymentPostprocessing = 0;
		};
/* End PBXResourcesBuildPhase section */

/* Begin PBXShellScriptBuildPhase section */
		5781159065BBB5F873901CAC /* [CP] Copy Pods Resources */ = {
			isa = PBXShellScriptBuildPhase;
			buildActionMask = 2147483647;
			files = (
			);
			inputFileListPaths = (
				"${PODS_ROOT}/Target Support Files/Pods-AgoraEducation/Pods-AgoraEducation-resources-${CONFIGURATION}-input-files.xcfilelist",
			);
			name = "[CP] Copy Pods Resources";
			outputFileListPaths = (
				"${PODS_ROOT}/Target Support Files/Pods-AgoraEducation/Pods-AgoraEducation-resources-${CONFIGURATION}-output-files.xcfilelist",
			);
			runOnlyForDeploymentPostprocessing = 0;
			shellPath = /bin/sh;
			shellScript = "\"${PODS_ROOT}/Target Support Files/Pods-AgoraEducation/Pods-AgoraEducation-resources.sh\"\n";
			showEnvVarsInLog = 0;
		};
		CC49100FDE030D72EE28DCAE /* [CP] Check Pods Manifest.lock */ = {
			isa = PBXShellScriptBuildPhase;
			buildActionMask = 2147483647;
			files = (
			);
			inputFileListPaths = (
			);
			inputPaths = (
				"${PODS_PODFILE_DIR_PATH}/Podfile.lock",
				"${PODS_ROOT}/Manifest.lock",
			);
			name = "[CP] Check Pods Manifest.lock";
			outputFileListPaths = (
			);
			outputPaths = (
				"$(DERIVED_FILE_DIR)/Pods-AgoraEducation-checkManifestLockResult.txt",
			);
			runOnlyForDeploymentPostprocessing = 0;
			shellPath = /bin/sh;
			shellScript = "diff \"${PODS_PODFILE_DIR_PATH}/Podfile.lock\" \"${PODS_ROOT}/Manifest.lock\" > /dev/null\nif [ $? != 0 ] ; then\n    # print error to STDERR\n    echo \"error: The sandbox is not in sync with the Podfile.lock. Run 'pod install' or update your CocoaPods installation.\" >&2\n    exit 1\nfi\n# This output is used by Xcode 'outputs' to avoid re-running this script phase.\necho \"SUCCESS\" > \"${SCRIPT_OUTPUT_FILE_0}\"\n";
			showEnvVarsInLog = 0;
		};
		F26EA06C7F855A9A6E058336 /* [CP] Embed Pods Frameworks */ = {
			isa = PBXShellScriptBuildPhase;
			buildActionMask = 2147483647;
			files = (
			);
			inputFileListPaths = (
				"${PODS_ROOT}/Target Support Files/Pods-AgoraEducation/Pods-AgoraEducation-frameworks-${CONFIGURATION}-input-files.xcfilelist",
			);
			name = "[CP] Embed Pods Frameworks";
			outputFileListPaths = (
				"${PODS_ROOT}/Target Support Files/Pods-AgoraEducation/Pods-AgoraEducation-frameworks-${CONFIGURATION}-output-files.xcfilelist",
			);
			runOnlyForDeploymentPostprocessing = 0;
			shellPath = /bin/sh;
			shellScript = "\"${PODS_ROOT}/Target Support Files/Pods-AgoraEducation/Pods-AgoraEducation-frameworks.sh\"\n";
			showEnvVarsInLog = 0;
		};
/* End PBXShellScriptBuildPhase section */

/* Begin PBXSourcesBuildPhase section */
		1AE0D0002283C5F20092AC5E /* Sources */ = {
			isa = PBXSourcesBuildPhase;
			buildActionMask = 2147483647;
			files = (
				1A8EEB5A23796A3700A809B1 /* EEMessageView.m in Sources */,
				1A41D4EA2373B7900092C0EC /* EETeacherVideoView.m in Sources */,
				1A44BE7B22BF863000766274 /* AppDelegate.m in Sources */,
				1A44BE7822BF863000766274 /* MainViewController.m in Sources */,
				1A1749992361A7F000A65B10 /* MainNavigationController.m in Sources */,
				1A61CB88238806EB003D9E81 /* AEP2pMessageModel.m in Sources */,
				1A87571223571CFE009C55A8 /* SettingViewController.m in Sources */,
				1A296C6222DEFCE6008AC68A /* MCStudentVideoCell.m in Sources */,
				1A399E5423697E9000F5A40F /* OneToOneViewController.m in Sources */,
				1A44BE7D22BF863000766274 /* Configs.m in Sources */,
				1A226C53236BE5450024D984 /* EEColorShowView.m in Sources */,
				1AFD47B0237E7965005AA56C /* MCTeacherVideoView.m in Sources */,
				1A9B621D2384E9A6001E366C /* EEAlertView.m in Sources */,
				1A61CB8E2389405D003D9E81 /* AERoomViewController.m in Sources */,
				1A226C4A236A7D8A0024D984 /* AETeactherModel.m in Sources */,
				1A8EEB5F23796D5600A809B1 /* EEMessageViewCell.m in Sources */,
				1A893A002361751200C2398A /* BCNavigationView.m in Sources */,
				1A61CB812387CE35003D9E81 /* BCStudentVideoView.m in Sources */,
				1A44BE7222BF863000766274 /* AgoraBaseRequest.m in Sources */,
				1A8EEB68237ABBBD00A809B1 /* EENavigationView.m in Sources */,
				1A44BE7322BF863000766274 /* AgoraHttpRequest.m in Sources */,
				1AFD47B8237EAEA6005AA56C /* MCStudentListView.m in Sources */,
				1AD4E995235EFB2700C415BF /* BCViewController.m in Sources */,
				1AFD47B5237E9E25005AA56C /* MCSegmentedView.m in Sources */,
				1A05AD94237BC0830041F27B /* OTOStudentView.m in Sources */,
				1A70AFB22359F17500942742 /* SettingViewCell.m in Sources */,
				1A61CB852387CF4A003D9E81 /* AERTMMessageBody.m in Sources */,
				1A05ADA3237E4B3B0041F27B /* MCViewController.m in Sources */,
				1A05AD8F237BBAFC0041F27B /* OTOTeacherView.m in Sources */,
				1AD4E9A4236008FF00C415BF /* EEPageControlView.m in Sources */,
				1AFD47BB237EB06F005AA56C /* MCStudentViewCell.m in Sources */,
				1A226C58236BEAEC0024D984 /* EEColorViewCell.m in Sources */,
				1A226C44236A7C1B0024D984 /* AEStudentModel.m in Sources */,
				1AEDE5E32338CBBF0096ADEC /* SkinCoverWindow.m in Sources */,
				1AEDE5E02338CB9E0096ADEC /* SkinCoverLayer.m in Sources */,
				1AD4E99B235F100400C415BF /* BCSegmentedView.m in Sources */,
				1A44BE8322BFA97400766274 /* AERoomMessageModel.m in Sources */,
				1A2FFA0D237261FF0049E49F /* UIView+EEBadge.m in Sources */,
				1A226C5D236EC3BA0024D984 /* UIColor+Addition.m in Sources */,
				1A44BE9322C471BF00766274 /* JsonAndStringConversions.m in Sources */,
				1AF1CD2E236700A400DA8B12 /* EEClassRoomTypeView.m in Sources */,
				1A17499C236297BE00A65B10 /* EEChatTextFiled.m in Sources */,
				1AEDE5DD2338C0B40096ADEC /* EyeCareModeUtil.m in Sources */,
				1A44BE7A22BF863000766274 /* main.m in Sources */,
				1A6BC50E2360396B00FE8289 /* EEWhiteboardTool.m in Sources */,
				1A05AD99237D93600041F27B /* MCStudentVideoListView.m in Sources */,
			);
			runOnlyForDeploymentPostprocessing = 0;
		};
		1AE0D0182283C5F40092AC5E /* Sources */ = {
			isa = PBXSourcesBuildPhase;
			buildActionMask = 2147483647;
			files = (
			);
			runOnlyForDeploymentPostprocessing = 0;
		};
		1AE0D0232283C5F40092AC5E /* Sources */ = {
			isa = PBXSourcesBuildPhase;
			buildActionMask = 2147483647;
			files = (
			);
			runOnlyForDeploymentPostprocessing = 0;
		};
/* End PBXSourcesBuildPhase section */

/* Begin PBXTargetDependency section */
		1AE0D01E2283C5F40092AC5E /* PBXTargetDependency */ = {
			isa = PBXTargetDependency;
			target = 1AE0D0032283C5F20092AC5E /* AgoraEducation */;
			targetProxy = 1AE0D01D2283C5F40092AC5E /* PBXContainerItemProxy */;
		};
		1AE0D0292283C5F40092AC5E /* PBXTargetDependency */ = {
			isa = PBXTargetDependency;
			target = 1AE0D0032283C5F20092AC5E /* AgoraEducation */;
			targetProxy = 1AE0D0282283C5F40092AC5E /* PBXContainerItemProxy */;
		};
/* End PBXTargetDependency section */

/* Begin PBXVariantGroup section */
		1A44BE5822BF863000766274 /* LaunchScreen.storyboard */ = {
			isa = PBXVariantGroup;
			children = (
				1A44BE5922BF863000766274 /* Base */,
				1A1749A52365779B00A65B10 /* en */,
			);
			name = LaunchScreen.storyboard;
			sourceTree = "<group>";
		};
		1A44BE5A22BF863000766274 /* Main.storyboard */ = {
			isa = PBXVariantGroup;
			children = (
				1A44BE5B22BF863000766274 /* Base */,
			);
			name = Main.storyboard;
			sourceTree = "<group>";
		};
/* End PBXVariantGroup section */

/* Begin XCBuildConfiguration section */
		1AE0D02E2283C5F40092AC5E /* Debug */ = {
			isa = XCBuildConfiguration;
			buildSettings = {
				ALWAYS_SEARCH_USER_PATHS = NO;
				CLANG_ANALYZER_NONNULL = YES;
				CLANG_ANALYZER_NUMBER_OBJECT_CONVERSION = YES_AGGRESSIVE;
				CLANG_CXX_LANGUAGE_STANDARD = "gnu++14";
				CLANG_CXX_LIBRARY = "libc++";
				CLANG_ENABLE_MODULES = YES;
				CLANG_ENABLE_OBJC_ARC = YES;
				CLANG_ENABLE_OBJC_WEAK = YES;
				CLANG_WARN_BLOCK_CAPTURE_AUTORELEASING = YES;
				CLANG_WARN_BOOL_CONVERSION = YES;
				CLANG_WARN_COMMA = YES;
				CLANG_WARN_CONSTANT_CONVERSION = YES;
				CLANG_WARN_DEPRECATED_OBJC_IMPLEMENTATIONS = YES;
				CLANG_WARN_DIRECT_OBJC_ISA_USAGE = YES_ERROR;
				CLANG_WARN_DOCUMENTATION_COMMENTS = YES;
				CLANG_WARN_EMPTY_BODY = YES;
				CLANG_WARN_ENUM_CONVERSION = YES;
				CLANG_WARN_INFINITE_RECURSION = YES;
				CLANG_WARN_INT_CONVERSION = YES;
				CLANG_WARN_NON_LITERAL_NULL_CONVERSION = YES;
				CLANG_WARN_OBJC_IMPLICIT_RETAIN_SELF = YES;
				CLANG_WARN_OBJC_LITERAL_CONVERSION = YES;
				CLANG_WARN_OBJC_ROOT_CLASS = YES_ERROR;
				CLANG_WARN_RANGE_LOOP_ANALYSIS = YES;
				CLANG_WARN_STRICT_PROTOTYPES = YES;
				CLANG_WARN_SUSPICIOUS_MOVE = YES;
				CLANG_WARN_UNGUARDED_AVAILABILITY = YES_AGGRESSIVE;
				CLANG_WARN_UNREACHABLE_CODE = YES;
				CLANG_WARN__DUPLICATE_METHOD_MATCH = YES;
				CODE_SIGN_IDENTITY = "iPhone Developer";
				COPY_PHASE_STRIP = NO;
				DEBUG_INFORMATION_FORMAT = dwarf;
				ENABLE_STRICT_OBJC_MSGSEND = YES;
				ENABLE_TESTABILITY = YES;
				GCC_C_LANGUAGE_STANDARD = gnu11;
				GCC_DYNAMIC_NO_PIC = NO;
				GCC_NO_COMMON_BLOCKS = YES;
				GCC_OPTIMIZATION_LEVEL = 0;
				GCC_PREPROCESSOR_DEFINITIONS = (
					"DEBUG=1",
					"$(inherited)",
				);
				GCC_WARN_64_TO_32_BIT_CONVERSION = YES;
				GCC_WARN_ABOUT_RETURN_TYPE = YES_ERROR;
				GCC_WARN_UNDECLARED_SELECTOR = YES;
				GCC_WARN_UNINITIALIZED_AUTOS = YES_AGGRESSIVE;
				GCC_WARN_UNUSED_FUNCTION = YES;
				GCC_WARN_UNUSED_VARIABLE = YES;
				IPHONEOS_DEPLOYMENT_TARGET = 12.2;
				MTL_ENABLE_DEBUG_INFO = INCLUDE_SOURCE;
				MTL_FAST_MATH = YES;
				ONLY_ACTIVE_ARCH = YES;
				SDKROOT = iphoneos;
			};
			name = Debug;
		};
		1AE0D02F2283C5F40092AC5E /* Release */ = {
			isa = XCBuildConfiguration;
			buildSettings = {
				ALWAYS_SEARCH_USER_PATHS = NO;
				CLANG_ANALYZER_NONNULL = YES;
				CLANG_ANALYZER_NUMBER_OBJECT_CONVERSION = YES_AGGRESSIVE;
				CLANG_CXX_LANGUAGE_STANDARD = "gnu++14";
				CLANG_CXX_LIBRARY = "libc++";
				CLANG_ENABLE_MODULES = YES;
				CLANG_ENABLE_OBJC_ARC = YES;
				CLANG_ENABLE_OBJC_WEAK = YES;
				CLANG_WARN_BLOCK_CAPTURE_AUTORELEASING = YES;
				CLANG_WARN_BOOL_CONVERSION = YES;
				CLANG_WARN_COMMA = YES;
				CLANG_WARN_CONSTANT_CONVERSION = YES;
				CLANG_WARN_DEPRECATED_OBJC_IMPLEMENTATIONS = YES;
				CLANG_WARN_DIRECT_OBJC_ISA_USAGE = YES_ERROR;
				CLANG_WARN_DOCUMENTATION_COMMENTS = YES;
				CLANG_WARN_EMPTY_BODY = YES;
				CLANG_WARN_ENUM_CONVERSION = YES;
				CLANG_WARN_INFINITE_RECURSION = YES;
				CLANG_WARN_INT_CONVERSION = YES;
				CLANG_WARN_NON_LITERAL_NULL_CONVERSION = YES;
				CLANG_WARN_OBJC_IMPLICIT_RETAIN_SELF = YES;
				CLANG_WARN_OBJC_LITERAL_CONVERSION = YES;
				CLANG_WARN_OBJC_ROOT_CLASS = YES_ERROR;
				CLANG_WARN_RANGE_LOOP_ANALYSIS = YES;
				CLANG_WARN_STRICT_PROTOTYPES = YES;
				CLANG_WARN_SUSPICIOUS_MOVE = YES;
				CLANG_WARN_UNGUARDED_AVAILABILITY = YES_AGGRESSIVE;
				CLANG_WARN_UNREACHABLE_CODE = YES;
				CLANG_WARN__DUPLICATE_METHOD_MATCH = YES;
				CODE_SIGN_IDENTITY = "iPhone Developer";
				COPY_PHASE_STRIP = NO;
				DEBUG_INFORMATION_FORMAT = "dwarf-with-dsym";
				ENABLE_NS_ASSERTIONS = NO;
				ENABLE_STRICT_OBJC_MSGSEND = YES;
				GCC_C_LANGUAGE_STANDARD = gnu11;
				GCC_NO_COMMON_BLOCKS = YES;
				GCC_WARN_64_TO_32_BIT_CONVERSION = YES;
				GCC_WARN_ABOUT_RETURN_TYPE = YES_ERROR;
				GCC_WARN_UNDECLARED_SELECTOR = YES;
				GCC_WARN_UNINITIALIZED_AUTOS = YES_AGGRESSIVE;
				GCC_WARN_UNUSED_FUNCTION = YES;
				GCC_WARN_UNUSED_VARIABLE = YES;
				IPHONEOS_DEPLOYMENT_TARGET = 12.2;
				MTL_ENABLE_DEBUG_INFO = NO;
				MTL_FAST_MATH = YES;
				SDKROOT = iphoneos;
				VALIDATE_PRODUCT = YES;
			};
			name = Release;
		};
		1AE0D0312283C5F40092AC5E /* Debug */ = {
			isa = XCBuildConfiguration;
			baseConfigurationReference = 40B28313D80C71B4DA8D643D /* Pods-AgoraEducation.debug.xcconfig */;
			buildSettings = {
				ASSETCATALOG_COMPILER_APPICON_NAME = AppIcon;
				CODE_SIGN_IDENTITY = "iPhone Developer";
				CODE_SIGN_STYLE = Manual;
				DEVELOPMENT_TEAM = SW3CA7M752;
				ENABLE_BITCODE = NO;
				FRAMEWORK_SEARCH_PATHS = (
					"$(inherited)",
					"$(PROJECT_DIR)",
				);
				GCC_PRECOMPILE_PREFIX_HEADER = YES;
				GCC_PREFIX_HEADER = "$(SRCROOT)/AgoraEducation/Supporting Files/AgoraEducation.pch";
				INFOPLIST_FILE = "AgoraEducation/Supporting Files/Info.plist";
				IPHONEOS_DEPLOYMENT_TARGET = 10.0;
				LD_RUNPATH_SEARCH_PATHS = (
					"$(inherited)",
					"@executable_path/Frameworks",
				);
				MARKETING_VERSION = 2.0;
				PRODUCT_BUNDLE_IDENTIFIER = io.agora.AgoraEducation;
				PRODUCT_NAME = "$(TARGET_NAME)";
				PROVISIONING_PROFILE_SPECIFIER = AgoraAppsDevProfile;
				SUPPORTED_PLATFORMS = "iphonesimulator iphoneos";
				TARGETED_DEVICE_FAMILY = "1,2";
				VALID_ARCHS = "arm64 arm64e armv7s armv7";
			};
			name = Debug;
		};
		1AE0D0322283C5F40092AC5E /* Release */ = {
			isa = XCBuildConfiguration;
			baseConfigurationReference = 4EAA54960A24224AEAEC570D /* Pods-AgoraEducation.release.xcconfig */;
			buildSettings = {
				ASSETCATALOG_COMPILER_APPICON_NAME = AppIcon;
				CODE_SIGN_IDENTITY = "iPhone Developer";
				CODE_SIGN_STYLE = Manual;
				DEVELOPMENT_TEAM = SW3CA7M752;
				ENABLE_BITCODE = NO;
				FRAMEWORK_SEARCH_PATHS = (
					"$(inherited)",
					"$(PROJECT_DIR)",
				);
				GCC_PRECOMPILE_PREFIX_HEADER = YES;
				GCC_PREFIX_HEADER = "$(SRCROOT)/AgoraEducation/Supporting Files/AgoraEducation.pch";
				INFOPLIST_FILE = "AgoraEducation/Supporting Files/Info.plist";
				IPHONEOS_DEPLOYMENT_TARGET = 10.0;
				LD_RUNPATH_SEARCH_PATHS = (
					"$(inherited)",
					"@executable_path/Frameworks",
				);
				MARKETING_VERSION = 2.0;
				PRODUCT_BUNDLE_IDENTIFIER = io.agora.AgoraEducation;
				PRODUCT_NAME = "$(TARGET_NAME)";
				PROVISIONING_PROFILE_SPECIFIER = AgoraAppsDevProfile;
				SUPPORTED_PLATFORMS = "iphonesimulator iphoneos";
				TARGETED_DEVICE_FAMILY = "1,2";
				VALID_ARCHS = "arm64 arm64e armv7s armv7";
			};
			name = Release;
		};
		1AE0D0342283C5F40092AC5E /* Debug */ = {
			isa = XCBuildConfiguration;
			buildSettings = {
				BUNDLE_LOADER = "$(TEST_HOST)";
				CODE_SIGN_STYLE = Automatic;
				INFOPLIST_FILE = AgoraSmallClassTests/Info.plist;
				LD_RUNPATH_SEARCH_PATHS = (
					"$(inherited)",
					"@executable_path/Frameworks",
					"@loader_path/Frameworks",
				);
				PRODUCT_BUNDLE_IDENTIFIER = io.agora.AgoraSmallClassTests;
				PRODUCT_NAME = "$(TARGET_NAME)";
				TARGETED_DEVICE_FAMILY = "1,2";
				TEST_HOST = "$(BUILT_PRODUCTS_DIR)/AgoraEducation.app/AgoraEducation";
			};
			name = Debug;
		};
		1AE0D0352283C5F40092AC5E /* Release */ = {
			isa = XCBuildConfiguration;
			buildSettings = {
				BUNDLE_LOADER = "$(TEST_HOST)";
				CODE_SIGN_STYLE = Automatic;
				INFOPLIST_FILE = AgoraSmallClassTests/Info.plist;
				LD_RUNPATH_SEARCH_PATHS = (
					"$(inherited)",
					"@executable_path/Frameworks",
					"@loader_path/Frameworks",
				);
				PRODUCT_BUNDLE_IDENTIFIER = io.agora.AgoraSmallClassTests;
				PRODUCT_NAME = "$(TARGET_NAME)";
				TARGETED_DEVICE_FAMILY = "1,2";
				TEST_HOST = "$(BUILT_PRODUCTS_DIR)/AgoraEducation.app/AgoraEducation";
			};
			name = Release;
		};
		1AE0D0372283C5F40092AC5E /* Debug */ = {
			isa = XCBuildConfiguration;
			buildSettings = {
				CODE_SIGN_STYLE = Automatic;
				INFOPLIST_FILE = AgoraSmallClassUITests/Info.plist;
				LD_RUNPATH_SEARCH_PATHS = (
					"$(inherited)",
					"@executable_path/Frameworks",
					"@loader_path/Frameworks",
				);
				PRODUCT_BUNDLE_IDENTIFIER = io.agora.AgoraSmallClassUITests;
				PRODUCT_NAME = "$(TARGET_NAME)";
				TARGETED_DEVICE_FAMILY = "1,2";
				TEST_TARGET_NAME = AgoraSmallClass;
			};
			name = Debug;
		};
		1AE0D0382283C5F40092AC5E /* Release */ = {
			isa = XCBuildConfiguration;
			buildSettings = {
				CODE_SIGN_STYLE = Automatic;
				INFOPLIST_FILE = AgoraSmallClassUITests/Info.plist;
				LD_RUNPATH_SEARCH_PATHS = (
					"$(inherited)",
					"@executable_path/Frameworks",
					"@loader_path/Frameworks",
				);
				PRODUCT_BUNDLE_IDENTIFIER = io.agora.AgoraSmallClassUITests;
				PRODUCT_NAME = "$(TARGET_NAME)";
				TARGETED_DEVICE_FAMILY = "1,2";
				TEST_TARGET_NAME = AgoraSmallClass;
			};
			name = Release;
		};
/* End XCBuildConfiguration section */

/* Begin XCConfigurationList section */
		1AE0CFFF2283C5F20092AC5E /* Build configuration list for PBXProject "AgoraEducation" */ = {
			isa = XCConfigurationList;
			buildConfigurations = (
				1AE0D02E2283C5F40092AC5E /* Debug */,
				1AE0D02F2283C5F40092AC5E /* Release */,
			);
			defaultConfigurationIsVisible = 0;
			defaultConfigurationName = Release;
		};
		1AE0D0302283C5F40092AC5E /* Build configuration list for PBXNativeTarget "AgoraEducation" */ = {
			isa = XCConfigurationList;
			buildConfigurations = (
				1AE0D0312283C5F40092AC5E /* Debug */,
				1AE0D0322283C5F40092AC5E /* Release */,
			);
			defaultConfigurationIsVisible = 0;
			defaultConfigurationName = Release;
		};
		1AE0D0332283C5F40092AC5E /* Build configuration list for PBXNativeTarget "AgoraEducationTests" */ = {
			isa = XCConfigurationList;
			buildConfigurations = (
				1AE0D0342283C5F40092AC5E /* Debug */,
				1AE0D0352283C5F40092AC5E /* Release */,
			);
			defaultConfigurationIsVisible = 0;
			defaultConfigurationName = Release;
		};
		1AE0D0362283C5F40092AC5E /* Build configuration list for PBXNativeTarget "AgoraEducationUITests" */ = {
			isa = XCConfigurationList;
			buildConfigurations = (
				1AE0D0372283C5F40092AC5E /* Debug */,
				1AE0D0382283C5F40092AC5E /* Release */,
			);
			defaultConfigurationIsVisible = 0;
			defaultConfigurationName = Release;
		};
/* End XCConfigurationList section */
	};
	rootObject = 1AE0CFFC2283C5F20092AC5E /* Project object */;
}
